
Microsoft Visual Studio Solution File, Format Version 12.00
# Visual Studio 15
VisualStudioVersion = 15.0.27428.2015
MinimumVisualStudioVersion = 10.0.40219.1
Project("{FAE04EC0-301F-11D3-BF4B-00C04F79EFBC}") = "Biblioteca.Dominio.Tests", "Biblioteca.Domain.Tests\Biblioteca.Dominio.Tests.csproj", "{15B48B6E-7CBA-4084-9A30-B866869320BB}"
EndProject
Project("{2150E333-8FDC-42A3-9474-1A3956D46DE8}") = "4.Testes", "4.Testes", "{EF91ACFF-AD42-4147-99F7-2A5D5FD0A955}"
EndProject
Project("{FAE04EC0-301F-11D3-BF4B-00C04F79EFBC}") = "Biblioteca.Infra.Dados.Tests", "Biblioteca.Infra.Data\Biblioteca.Infra.Dados.Tests.csproj", "{7D17FDB7-01D3-43AD-A983-CEE9BB567DDA}"
EndProject
Project("{FAE04EC0-301F-11D3-BF4B-00C04F79EFBC}") = "Biblioteca.Commons.Tests", "Biblioteca.Commons.Tests\Biblioteca.Commons.Tests.csproj", "{22EC469C-013A-4A4D-AAA8-3681B8D226D2}"
EndProject
Project("{FAE04EC0-301F-11D3-BF4B-00C04F79EFBC}") = "Biblioteca.Aplicacao.Tests", "Biblioteca.Application.Tests\Biblioteca.Aplicacao.Tests.csproj", "{99BFA1A3-46EA-4AF9-AB77-9A9344507470}"
EndProject
Project("{2150E333-8FDC-42A3-9474-1A3956D46DE8}") = "1.Aplicacao", "1.Aplicacao", "{DF166FED-0DD4-459A-8ABB-D06DC17EF578}"
EndProject
Project("{2150E333-8FDC-42A3-9474-1A3956D46DE8}") = "2.Dominio", "2.Dominio", "{7FDA47B3-1B5B-4D21-BE6C-369B9DEF2BBD}"
EndProject
Project("{2150E333-8FDC-42A3-9474-1A3956D46DE8}") = "3.Infraestrutura", "3.Infraestrutura", "{66FD1C89-A0D9-45D1-BC28-C4BBD58EA12D}"
EndProject
Project("{FAE04EC0-301F-11D3-BF4B-00C04F79EFBC}") = "Biblioteca.Dominio", "Biblioteca.Dominio\Biblioteca.Dominio.csproj", "{49B4DEC2-1971-4419-B33F-8FA5ECD84C27}"
EndProject
Project("{FAE04EC0-301F-11D3-BF4B-00C04F79EFBC}") = "Biblioteca.Infraestrutura", "Biblioteca.Infraestrutura\Biblioteca.Infraestrutura.csproj", "{526C35E0-D1F8-4F1F-B63F-CF1F4313DE8F}"
EndProject
Project("{FAE04EC0-301F-11D3-BF4B-00C04F79EFBC}") = "Biblioteca.Infra.Dados", "Biblioteca.Infra.Dados\Biblioteca.Infra.Dados.csproj", "{AD9995B7-FC99-4B90-B9A7-92236AD543C9}"
EndProject
Project("{FAE04EC0-301F-11D3-BF4B-00C04F79EFBC}") = "Biblioteca.Aplicacao", "Biblioteca.Apresentacao.test\Biblioteca.Aplicacao.csproj", "{C8D63463-98A1-46E7-BBF9-2A9FBC9D5BCB}"
EndProject
Project("{FAE04EC0-301F-11D3-BF4B-00C04F79EFBC}") = "Biblioteca.Integracao.Tests", "Biblioteca.Integracao.Tests\Biblioteca.Integracao.Tests.csproj", "{049839DC-0FEA-4828-8A70-779951A885D4}"
EndProject
Global
	GlobalSection(SolutionConfigurationPlatforms) = preSolution
		Debug|Any CPU = Debug|Any CPU
		Debug|ARM = Debug|ARM
		Debug|x64 = Debug|x64
		Debug|x86 = Debug|x86
		Release|Any CPU = Release|Any CPU
		Release|ARM = Release|ARM
		Release|x64 = Release|x64
		Release|x86 = Release|x86
	EndGlobalSection
	GlobalSection(ProjectConfigurationPlatforms) = postSolution
		{15B48B6E-7CBA-4084-9A30-B866869320BB}.Debug|Any CPU.ActiveCfg = Debug|Any CPU
		{15B48B6E-7CBA-4084-9A30-B866869320BB}.Debug|Any CPU.Build.0 = Debug|Any CPU
		{15B48B6E-7CBA-4084-9A30-B866869320BB}.Debug|ARM.ActiveCfg = Debug|Any CPU
		{15B48B6E-7CBA-4084-9A30-B866869320BB}.Debug|ARM.Build.0 = Debug|Any CPU
		{15B48B6E-7CBA-4084-9A30-B866869320BB}.Debug|x64.ActiveCfg = Debug|Any CPU
		{15B48B6E-7CBA-4084-9A30-B866869320BB}.Debug|x64.Build.0 = Debug|Any CPU
		{15B48B6E-7CBA-4084-9A30-B866869320BB}.Debug|x86.ActiveCfg = Debug|Any CPU
		{15B48B6E-7CBA-4084-9A30-B866869320BB}.Debug|x86.Build.0 = Debug|Any CPU
		{15B48B6E-7CBA-4084-9A30-B866869320BB}.Release|Any CPU.ActiveCfg = Release|Any CPU
		{15B48B6E-7CBA-4084-9A30-B866869320BB}.Release|Any CPU.Build.0 = Release|Any CPU
		{15B48B6E-7CBA-4084-9A30-B866869320BB}.Release|ARM.ActiveCfg = Release|Any CPU
		{15B48B6E-7CBA-4084-9A30-B866869320BB}.Release|ARM.Build.0 = Release|Any CPU
		{15B48B6E-7CBA-4084-9A30-B866869320BB}.Release|x64.ActiveCfg = Release|Any CPU
		{15B48B6E-7CBA-4084-9A30-B866869320BB}.Release|x64.Build.0 = Release|Any CPU
		{15B48B6E-7CBA-4084-9A30-B866869320BB}.Release|x86.ActiveCfg = Release|Any CPU
		{15B48B6E-7CBA-4084-9A30-B866869320BB}.Release|x86.Build.0 = Release|Any CPU
		{7D17FDB7-01D3-43AD-A983-CEE9BB567DDA}.Debug|Any CPU.ActiveCfg = Debug|Any CPU
		{7D17FDB7-01D3-43AD-A983-CEE9BB567DDA}.Debug|Any CPU.Build.0 = Debug|Any CPU
		{7D17FDB7-01D3-43AD-A983-CEE9BB567DDA}.Debug|ARM.ActiveCfg = Debug|Any CPU
		{7D17FDB7-01D3-43AD-A983-CEE9BB567DDA}.Debug|ARM.Build.0 = Debug|Any CPU
		{7D17FDB7-01D3-43AD-A983-CEE9BB567DDA}.Debug|x64.ActiveCfg = Debug|Any CPU
		{7D17FDB7-01D3-43AD-A983-CEE9BB567DDA}.Debug|x64.Build.0 = Debug|Any CPU
		{7D17FDB7-01D3-43AD-A983-CEE9BB567DDA}.Debug|x86.ActiveCfg = Debug|Any CPU
		{7D17FDB7-01D3-43AD-A983-CEE9BB567DDA}.Debug|x86.Build.0 = Debug|Any CPU
		{7D17FDB7-01D3-43AD-A983-CEE9BB567DDA}.Release|Any CPU.ActiveCfg = Release|Any CPU
		{7D17FDB7-01D3-43AD-A983-CEE9BB567DDA}.Release|Any CPU.Build.0 = Release|Any CPU
		{7D17FDB7-01D3-43AD-A983-CEE9BB567DDA}.Release|ARM.ActiveCfg = Release|Any CPU
		{7D17FDB7-01D3-43AD-A983-CEE9BB567DDA}.Release|ARM.Build.0 = Release|Any CPU
		{7D17FDB7-01D3-43AD-A983-CEE9BB567DDA}.Release|x64.ActiveCfg = Release|Any CPU
		{7D17FDB7-01D3-43AD-A983-CEE9BB567DDA}.Release|x64.Build.0 = Release|Any CPU
		{7D17FDB7-01D3-43AD-A983-CEE9BB567DDA}.Release|x86.ActiveCfg = Release|Any CPU
		{7D17FDB7-01D3-43AD-A983-CEE9BB567DDA}.Release|x86.Build.0 = Release|Any CPU
		{22EC469C-013A-4A4D-AAA8-3681B8D226D2}.Debug|Any CPU.ActiveCfg = Debug|Any CPU
		{22EC469C-013A-4A4D-AAA8-3681B8D226D2}.Debug|Any CPU.Build.0 = Debug|Any CPU
		{22EC469C-013A-4A4D-AAA8-3681B8D226D2}.Debug|ARM.ActiveCfg = Debug|Any CPU
		{22EC469C-013A-4A4D-AAA8-3681B8D226D2}.Debug|ARM.Build.0 = Debug|Any CPU
		{22EC469C-013A-4A4D-AAA8-3681B8D226D2}.Debug|x64.ActiveCfg = Debug|Any CPU
		{22EC469C-013A-4A4D-AAA8-3681B8D226D2}.Debug|x64.Build.0 = Debug|Any CPU
		{22EC469C-013A-4A4D-AAA8-3681B8D226D2}.Debug|x86.ActiveCfg = Debug|Any CPU
		{22EC469C-013A-4A4D-AAA8-3681B8D226D2}.Debug|x86.Build.0 = Debug|Any CPU
		{22EC469C-013A-4A4D-AAA8-3681B8D226D2}.Release|Any CPU.ActiveCfg = Release|Any CPU
		{22EC469C-013A-4A4D-AAA8-3681B8D226D2}.Release|Any CPU.Build.0 = Release|Any CPU
		{22EC469C-013A-4A4D-AAA8-3681B8D226D2}.Release|ARM.ActiveCfg = Release|Any CPU
		{22EC469C-013A-4A4D-AAA8-3681B8D226D2}.Release|ARM.Build.0 = Release|Any CPU
		{22EC469C-013A-4A4D-AAA8-3681B8D226D2}.Release|x64.ActiveCfg = Release|Any CPU
		{22EC469C-013A-4A4D-AAA8-3681B8D226D2}.Release|x64.Build.0 = Release|Any CPU
		{22EC469C-013A-4A4D-AAA8-3681B8D226D2}.Release|x86.ActiveCfg = Release|Any CPU
		{22EC469C-013A-4A4D-AAA8-3681B8D226D2}.Release|x86.Build.0 = Release|Any CPU
		{99BFA1A3-46EA-4AF9-AB77-9A9344507470}.Debug|Any CPU.ActiveCfg = Debug|Any CPU
		{99BFA1A3-46EA-4AF9-AB77-9A9344507470}.Debug|Any CPU.Build.0 = Debug|Any CPU
		{99BFA1A3-46EA-4AF9-AB77-9A9344507470}.Debug|ARM.ActiveCfg = Debug|Any CPU
		{99BFA1A3-46EA-4AF9-AB77-9A9344507470}.Debug|ARM.Build.0 = Debug|Any CPU
		{99BFA1A3-46EA-4AF9-AB77-9A9344507470}.Debug|x64.ActiveCfg = Debug|Any CPU
		{99BFA1A3-46EA-4AF9-AB77-9A9344507470}.Debug|x64.Build.0 = Debug|Any CPU
		{99BFA1A3-46EA-4AF9-AB77-9A9344507470}.Debug|x86.ActiveCfg = Debug|Any CPU
		{99BFA1A3-46EA-4AF9-AB77-9A9344507470}.Debug|x86.Build.0 = Debug|Any CPU
		{99BFA1A3-46EA-4AF9-AB77-9A9344507470}.Release|Any CPU.ActiveCfg = Release|Any CPU
		{99BFA1A3-46EA-4AF9-AB77-9A9344507470}.Release|Any CPU.Build.0 = Release|Any CPU
		{99BFA1A3-46EA-4AF9-AB77-9A9344507470}.Release|ARM.ActiveCfg = Release|Any CPU
		{99BFA1A3-46EA-4AF9-AB77-9A9344507470}.Release|ARM.Build.0 = Release|Any CPU
		{99BFA1A3-46EA-4AF9-AB77-9A9344507470}.Release|x64.ActiveCfg = Release|Any CPU
		{99BFA1A3-46EA-4AF9-AB77-9A9344507470}.Release|x64.Build.0 = Release|Any CPU
		{99BFA1A3-46EA-4AF9-AB77-9A9344507470}.Release|x86.ActiveCfg = Release|Any CPU
		{99BFA1A3-46EA-4AF9-AB77-9A9344507470}.Release|x86.Build.0 = Release|Any CPU
		{49B4DEC2-1971-4419-B33F-8FA5ECD84C27}.Debug|Any CPU.ActiveCfg = Debug|Any CPU
		{49B4DEC2-1971-4419-B33F-8FA5ECD84C27}.Debug|Any CPU.Build.0 = Debug|Any CPU
		{49B4DEC2-1971-4419-B33F-8FA5ECD84C27}.Debug|ARM.ActiveCfg = Debug|Any CPU
		{49B4DEC2-1971-4419-B33F-8FA5ECD84C27}.Debug|ARM.Build.0 = Debug|Any CPU
		{49B4DEC2-1971-4419-B33F-8FA5ECD84C27}.Debug|x64.ActiveCfg = Debug|Any CPU
		{49B4DEC2-1971-4419-B33F-8FA5ECD84C27}.Debug|x64.Build.0 = Debug|Any CPU
		{49B4DEC2-1971-4419-B33F-8FA5ECD84C27}.Debug|x86.ActiveCfg = Debug|Any CPU
		{49B4DEC2-1971-4419-B33F-8FA5ECD84C27}.Debug|x86.Build.0 = Debug|Any CPU
		{49B4DEC2-1971-4419-B33F-8FA5ECD84C27}.Release|Any CPU.ActiveCfg = Release|Any CPU
		{49B4DEC2-1971-4419-B33F-8FA5ECD84C27}.Release|Any CPU.Build.0 = Release|Any CPU
		{49B4DEC2-1971-4419-B33F-8FA5ECD84C27}.Release|ARM.ActiveCfg = Release|Any CPU
		{49B4DEC2-1971-4419-B33F-8FA5ECD84C27}.Release|ARM.Build.0 = Release|Any CPU
		{49B4DEC2-1971-4419-B33F-8FA5ECD84C27}.Release|x64.ActiveCfg = Release|Any CPU
		{49B4DEC2-1971-4419-B33F-8FA5ECD84C27}.Release|x64.Build.0 = Release|Any CPU
		{49B4DEC2-1971-4419-B33F-8FA5ECD84C27}.Release|x86.ActiveCfg = Release|Any CPU
		{49B4DEC2-1971-4419-B33F-8FA5ECD84C27}.Release|x86.Build.0 = Release|Any CPU
		{526C35E0-D1F8-4F1F-B63F-CF1F4313DE8F}.Debug|Any CPU.ActiveCfg = Debug|Any CPU
		{526C35E0-D1F8-4F1F-B63F-CF1F4313DE8F}.Debug|Any CPU.Build.0 = Debug|Any CPU
		{526C35E0-D1F8-4F1F-B63F-CF1F4313DE8F}.Debug|ARM.ActiveCfg = Debug|Any CPU
		{526C35E0-D1F8-4F1F-B63F-CF1F4313DE8F}.Debug|ARM.Build.0 = Debug|Any CPU
		{526C35E0-D1F8-4F1F-B63F-CF1F4313DE8F}.Debug|x64.ActiveCfg = Debug|Any CPU
		{526C35E0-D1F8-4F1F-B63F-CF1F4313DE8F}.Debug|x64.Build.0 = Debug|Any CPU
		{526C35E0-D1F8-4F1F-B63F-CF1F4313DE8F}.Debug|x86.ActiveCfg = Debug|Any CPU
		{526C35E0-D1F8-4F1F-B63F-CF1F4313DE8F}.Debug|x86.Build.0 = Debug|Any CPU
		{526C35E0-D1F8-4F1F-B63F-CF1F4313DE8F}.Release|Any CPU.ActiveCfg = Release|Any CPU
		{526C35E0-D1F8-4F1F-B63F-CF1F4313DE8F}.Release|Any CPU.Build.0 = Release|Any CPU
		{526C35E0-D1F8-4F1F-B63F-CF1F4313DE8F}.Release|ARM.ActiveCfg = Release|Any CPU
		{526C35E0-D1F8-4F1F-B63F-CF1F4313DE8F}.Release|ARM.Build.0 = Release|Any CPU
		{526C35E0-D1F8-4F1F-B63F-CF1F4313DE8F}.Release|x64.ActiveCfg = Release|Any CPU
		{526C35E0-D1F8-4F1F-B63F-CF1F4313DE8F}.Release|x64.Build.0 = Release|Any CPU
		{526C35E0-D1F8-4F1F-B63F-CF1F4313DE8F}.Release|x86.ActiveCfg = Release|Any CPU
		{526C35E0-D1F8-4F1F-B63F-CF1F4313DE8F}.Release|x86.Build.0 = Release|Any CPU
		{AD9995B7-FC99-4B90-B9A7-92236AD543C9}.Debug|Any CPU.ActiveCfg = Debug|Any CPU
		{AD9995B7-FC99-4B90-B9A7-92236AD543C9}.Debug|Any CPU.Build.0 = Debug|Any CPU
		{AD9995B7-FC99-4B90-B9A7-92236AD543C9}.Debug|ARM.ActiveCfg = Debug|Any CPU
		{AD9995B7-FC99-4B90-B9A7-92236AD543C9}.Debug|ARM.Build.0 = Debug|Any CPU
		{AD9995B7-FC99-4B90-B9A7-92236AD543C9}.Debug|x64.ActiveCfg = Debug|Any CPU
		{AD9995B7-FC99-4B90-B9A7-92236AD543C9}.Debug|x64.Build.0 = Debug|Any CPU
		{AD9995B7-FC99-4B90-B9A7-92236AD543C9}.Debug|x86.ActiveCfg = Debug|Any CPU
		{AD9995B7-FC99-4B90-B9A7-92236AD543C9}.Debug|x86.Build.0 = Debug|Any CPU
		{AD9995B7-FC99-4B90-B9A7-92236AD543C9}.Release|Any CPU.ActiveCfg = Release|Any CPU
		{AD9995B7-FC99-4B90-B9A7-92236AD543C9}.Release|Any CPU.Build.0 = Release|Any CPU
		{AD9995B7-FC99-4B90-B9A7-92236AD543C9}.Release|ARM.ActiveCfg = Release|Any CPU
		{AD9995B7-FC99-4B90-B9A7-92236AD543C9}.Release|ARM.Build.0 = Release|Any CPU
		{AD9995B7-FC99-4B90-B9A7-92236AD543C9}.Release|x64.ActiveCfg = Release|Any CPU
		{AD9995B7-FC99-4B90-B9A7-92236AD543C9}.Release|x64.Build.0 = Release|Any CPU
		{AD9995B7-FC99-4B90-B9A7-92236AD543C9}.Release|x86.ActiveCfg = Release|Any CPU
		{AD9995B7-FC99-4B90-B9A7-92236AD543C9}.Release|x86.Build.0 = Release|Any CPU
		{C8D63463-98A1-46E7-BBF9-2A9FBC9D5BCB}.Debug|Any CPU.ActiveCfg = Debug|Any CPU
		{C8D63463-98A1-46E7-BBF9-2A9FBC9D5BCB}.Debug|Any CPU.Build.0 = Debug|Any CPU
		{C8D63463-98A1-46E7-BBF9-2A9FBC9D5BCB}.Debug|ARM.ActiveCfg = Debug|Any CPU
		{C8D63463-98A1-46E7-BBF9-2A9FBC9D5BCB}.Debug|ARM.Build.0 = Debug|Any CPU
		{C8D63463-98A1-46E7-BBF9-2A9FBC9D5BCB}.Debug|x64.ActiveCfg = Debug|Any CPU
		{C8D63463-98A1-46E7-BBF9-2A9FBC9D5BCB}.Debug|x64.Build.0 = Debug|Any CPU
		{C8D63463-98A1-46E7-BBF9-2A9FBC9D5BCB}.Debug|x86.ActiveCfg = Debug|Any CPU
		{C8D63463-98A1-46E7-BBF9-2A9FBC9D5BCB}.Debug|x86.Build.0 = Debug|Any CPU
		{C8D63463-98A1-46E7-BBF9-2A9FBC9D5BCB}.Release|Any CPU.ActiveCfg = Release|Any CPU
		{C8D63463-98A1-46E7-BBF9-2A9FBC9D5BCB}.Release|Any CPU.Build.0 = Release|Any CPU
		{C8D63463-98A1-46E7-BBF9-2A9FBC9D5BCB}.Release|ARM.ActiveCfg = Release|Any CPU
		{C8D63463-98A1-46E7-BBF9-2A9FBC9D5BCB}.Release|ARM.Build.0 = Release|Any CPU
		{C8D63463-98A1-46E7-BBF9-2A9FBC9D5BCB}.Release|x64.ActiveCfg = Release|Any CPU
		{C8D63463-98A1-46E7-BBF9-2A9FBC9D5BCB}.Release|x64.Build.0 = Release|Any CPU
		{C8D63463-98A1-46E7-BBF9-2A9FBC9D5BCB}.Release|x86.ActiveCfg = Release|Any CPU
		{C8D63463-98A1-46E7-BBF9-2A9FBC9D5BCB}.Release|x86.Build.0 = Release|Any CPU
		{049839DC-0FEA-4828-8A70-779951A885D4}.Debug|Any CPU.ActiveCfg = Debug|Any CPU
		{049839DC-0FEA-4828-8A70-779951A885D4}.Debug|Any CPU.Build.0 = Debug|Any CPU
		{049839DC-0FEA-4828-8A70-779951A885D4}.Debug|ARM.ActiveCfg = Debug|Any CPU
		{049839DC-0FEA-4828-8A70-779951A885D4}.Debug|ARM.Build.0 = Debug|Any CPU
		{049839DC-0FEA-4828-8A70-779951A885D4}.Debug|x64.ActiveCfg = Debug|Any CPU
		{049839DC-0FEA-4828-8A70-779951A885D4}.Debug|x64.Build.0 = Debug|Any CPU
		{049839DC-0FEA-4828-8A70-779951A885D4}.Debug|x86.ActiveCfg = Debug|Any CPU
		{049839DC-0FEA-4828-8A70-779951A885D4}.Debug|x86.Build.0 = Debug|Any CPU
		{049839DC-0FEA-4828-8A70-779951A885D4}.Release|Any CPU.ActiveCfg = Release|Any CPU
		{049839DC-0FEA-4828-8A70-779951A885D4}.Release|Any CPU.Build.0 = Release|Any CPU
		{049839DC-0FEA-4828-8A70-779951A885D4}.Release|ARM.ActiveCfg = Release|Any CPU
		{049839DC-0FEA-4828-8A70-779951A885D4}.Release|ARM.Build.0 = Release|Any CPU
		{049839DC-0FEA-4828-8A70-779951A885D4}.Release|x64.ActiveCfg = Release|Any CPU
		{049839DC-0FEA-4828-8A70-779951A885D4}.Release|x64.Build.0 = Release|Any CPU
		{049839DC-0FEA-4828-8A70-779951A885D4}.Release|x86.ActiveCfg = Release|Any CPU
		{049839DC-0FEA-4828-8A70-779951A885D4}.Release|x86.Build.0 = Release|Any CPU
	EndGlobalSection
	GlobalSection(SolutionProperties) = preSolution
		HideSolutionNode = FALSE
	EndGlobalSection
	GlobalSection(NestedProjects) = preSolution
		{15B48B6E-7CBA-4084-9A30-B866869320BB} = {EF91ACFF-AD42-4147-99F7-2A5D5FD0A955}
		{7D17FDB7-01D3-43AD-A983-CEE9BB567DDA} = {EF91ACFF-AD42-4147-99F7-2A5D5FD0A955}
		{22EC469C-013A-4A4D-AAA8-3681B8D226D2} = {EF91ACFF-AD42-4147-99F7-2A5D5FD0A955}
		{99BFA1A3-46EA-4AF9-AB77-9A9344507470} = {EF91ACFF-AD42-4147-99F7-2A5D5FD0A955}
		{49B4DEC2-1971-4419-B33F-8FA5ECD84C27} = {7FDA47B3-1B5B-4D21-BE6C-369B9DEF2BBD}
		{526C35E0-D1F8-4F1F-B63F-CF1F4313DE8F} = {66FD1C89-A0D9-45D1-BC28-C4BBD58EA12D}
		{AD9995B7-FC99-4B90-B9A7-92236AD543C9} = {66FD1C89-A0D9-45D1-BC28-C4BBD58EA12D}
		{C8D63463-98A1-46E7-BBF9-2A9FBC9D5BCB} = {DF166FED-0DD4-459A-8ABB-D06DC17EF578}
		{049839DC-0FEA-4828-8A70-779951A885D4} = {EF91ACFF-AD42-4147-99F7-2A5D5FD0A955}
	EndGlobalSection
	GlobalSection(ExtensibilityGlobals) = postSolution
		SolutionGuid = {31ACBFA8-2CFF-4AA4-A4ED-4DE28E3E27AE}
	EndGlobalSection
EndGlobal
